{
  "name": "esp32-mini-mac",
  "lockfileVersion": 3,
  "requires": true,
  "packages": {
    "": {
      "name": "esp32-mini-mac",
      "dependencies": {
        "node-pty": "^1.1.0"
      }
    },
    "node_modules/.pnpm/node-addon-api@7.1.1/node_modules/node-addon-api": {
      "version": "7.1.1",
      "extraneous": true,
      "license": "MIT",
      "devDependencies": {
        "benchmark": "^2.1.4",
        "bindings": "^1.5.0",
        "clang-format": "^1.4.0",
        "eslint": "^7.32.0",
        "eslint-config-semistandard": "^16.0.0",
        "eslint-config-standard": "^16.0.3",
        "eslint-plugin-import": "^2.24.2",
        "eslint-plugin-node": "^11.1.0",
        "eslint-plugin-promise": "^5.1.0",
        "fs-extra": "^11.1.1",
        "path": "^0.12.7",
        "pre-commit": "^1.2.2",
        "safe-buffer": "^5.1.1"
      }
    },
    "node_modules/.pnpm/node-pty@1.1.0": {
      "extraneous": true
    },
    "node_modules/node-addon-api": {
      "version": "7.1.1",
      "resolved": "https://registry.npmmirror.com/node-addon-api/-/node-addon-api-7.1.1.tgz",
      "integrity": "sha512-5m3bsyrjFWE1xf7nz7YXdN4udnVtXK6/Yfgn5qnahL6bCkf2yKt4k3nuTKAtT4r3IG8JNR2ncsIMdZuAzJjHQQ==",
      "license": "MIT"
    },
    "node_modules/node-pty": {
      "version": "1.1.0",
      "resolved": "https://registry.npmmirror.com/node-pty/-/node-pty-1.1.0.tgz",
      "integrity": "sha512-20JqtutY6JPXTUnL0ij1uad7Qe1baT46lyolh2sSENDd4sTzKZ4nmAFkeAARDKwmlLjPx6XKRlwRUxwjOy+lUg==",
      "hasInstallScript": true,
      "license": "MIT",
      "dependencies": {
        "node-addon-api": "^7.1.0"
      }
    }
  }
}
